
Microsoft Visual Studio Solution File, Format Version 12.00
# Visual Studio 15
VisualStudioVersion = 15.0.28307.329
MinimumVisualStudioVersion = 10.0.40219.1
Project("{9A19103F-16F7-4668-BE54-9A1E7A4F7556}") = "CorePractice.Api", "CorePractice.Api\CorePractice.Api.csproj", "{82F89C5E-C63F-4188-B3F2-9B1EE1491FC6}"
EndProject
Project("{9A19103F-16F7-4668-BE54-9A1E7A4F7556}") = "CorePractice.Data", "CorePractice.Data\CorePractice.Data.csproj", "{157571F5-10A0-4692-AE97-0947E7168AA1}"
EndProject
Project("{9A19103F-16F7-4668-BE54-9A1E7A4F7556}") = "CorePractice.Domain", "CorePractice.Domain\CorePractice.Domain.csproj", "{8FDCAEF2-1C38-49BB-8FF8-DDF005E4B1E5}"
EndProject
Global
	GlobalSection(SolutionConfigurationPlatforms) = preSolution
		Debug|Any CPU = Debug|Any CPU
		Release|Any CPU = Release|Any CPU
	EndGlobalSection
	GlobalSection(ProjectConfigurationPlatforms) = postSolution
		{82F89C5E-C63F-4188-B3F2-9B1EE1491FC6}.Debug|Any CPU.ActiveCfg = Debug|Any CPU
		{82F89C5E-C63F-4188-B3F2-9B1EE1491FC6}.Debug|Any CPU.Build.0 = Debug|Any CPU
		{82F89C5E-C63F-4188-B3F2-9B1EE1491FC6}.Release|Any CPU.ActiveCfg = Release|Any CPU
		{82F89C5E-C63F-4188-B3F2-9B1EE1491FC6}.Release|Any CPU.Build.0 = Release|Any CPU
		{157571F5-10A0-4692-AE97-0947E7168AA1}.Debug|Any CPU.ActiveCfg = Debug|Any CPU
		{157571F5-10A0-4692-AE97-0947E7168AA1}.Debug|Any CPU.Build.0 = Debug|Any CPU
		{157571F5-10A0-4692-AE97-0947E7168AA1}.Release|Any CPU.ActiveCfg = Release|Any CPU
		{157571F5-10A0-4692-AE97-0947E7168AA1}.Release|Any CPU.Build.0 = Release|Any CPU
		{8FDCAEF2-1C38-49BB-8FF8-DDF005E4B1E5}.Debug|Any CPU.ActiveCfg = Debug|Any CPU
		{8FDCAEF2-1C38-49BB-8FF8-DDF005E4B1E5}.Debug|Any CPU.Build.0 = Debug|Any CPU
		{8FDCAEF2-1C38-49BB-8FF8-DDF005E4B1E5}.Release|Any CPU.ActiveCfg = Release|Any CPU
		{8FDCAEF2-1C38-49BB-8FF8-DDF005E4B1E5}.Release|Any CPU.Build.0 = Release|Any CPU
	EndGlobalSection
	GlobalSection(SolutionProperties) = preSolution
		HideSolutionNode = FALSE
	EndGlobalSection
	GlobalSection(ExtensibilityGlobals) = postSolution
		SolutionGuid = {DB877960-96F7-4253-BDD6-860682D9BFE4}
	EndGlobalSection
EndGlobal
